
Microsoft Visual Studio Solution File, Format Version 12.00
# Visual Studio Version 17
VisualStudioVersion = 17.8.34330.188
MinimumVisualStudioVersion = 10.0.40219.1
Project("{9A19103F-16F7-4668-BE54-9A1E7A4F7556}") = "Vin Fletcher's Arrows", "Vin Fletcher's Arrows.csproj", "{E9E67DC6-9600-4975-A22E-3A16F6BBF95F}"
EndProject
Global
	GlobalSection(SolutionConfigurationPlatforms) = preSolution
		Debug|Any CPU = Debug|Any CPU
		Release|Any CPU = Release|Any CPU
	EndGlobalSection
	GlobalSection(ProjectConfigurationPlatforms) = postSolution
		{E9E67DC6-9600-4975-A22E-3A16F6BBF95F}.Debug|Any CPU.ActiveCfg = Debug|Any CPU
		{E9E67DC6-9600-4975-A22E-3A16F6BBF95F}.Debug|Any CPU.Build.0 = Debug|Any CPU
		{E9E67DC6-9600-4975-A22E-3A16F6BBF95F}.Release|Any CPU.ActiveCfg = Release|Any CPU
		{E9E67DC6-9600-4975-A22E-3A16F6BBF95F}.Release|Any CPU.Build.0 = Release|Any CPU
	EndGlobalSection
	GlobalSection(SolutionProperties) = preSolution
		HideSolutionNode = FALSE
	EndGlobalSection
	GlobalSection(ExtensibilityGlobals) = postSolution
		SolutionGuid = {60149A88-955E-4D91-810D-EE62E5A431E2}
	EndGlobalSection
EndGlobal
